Microsoft Visual Studio Solution File, Format Version 11.00
# Visual Studio 2010
Project("{8BC9CEB8-8B4A-11D0-8D11-00A0C91BC942}") = "emule", "emule.vcxproj", "{584EA69D-3443-4197-8994-364880FC1B9B}"
EndProject
Project("{8BC9CEB8-8B4A-11D0-8D11-00A0C91BC942}") = "CrashReporter", "..\CrashReporter\CrashReporter\CrashReporter.vcxproj", "{96492AE8-542A-4115-B9B5-53D0C3B5A85E}"
EndProject
Project("{8BC9CEB8-8B4A-11D0-8D11-00A0C91BC942}") = "cryptlib", "..\crypto51\cryptlib.vcxproj", "{9E5300A5-F00B-4F30-BFC4-C92D2EEC0928}"
EndProject
Project("{8BC9CEB8-8B4A-11D0-8D11-00A0C91BC942}") = "flag", "..\flag\flag.vcxproj", "{499FC6E6-5968-4D83-9FB0-7F2805FC2F91}"
EndProject
Project("{8BC9CEB8-8B4A-11D0-8D11-00A0C91BC942}") = "IE2EM", "..\IE2EM\IE2EM.vcxproj", "{C82DA9B3-E8CA-4FF9-803B-A9B613B5AFFB}"
EndProject
Project("{8BC9CEB8-8B4A-11D0-8D11-00A0C91BC942}") = "pnglib", "..\png\pnglib.vcxproj", "{F5906333-9A0A-4FE6-B7AA-AA7960C035D3}"
EndProject
Project("{8BC9CEB8-8B4A-11D0-8D11-00A0C91BC942}") = "ResizableLib", "..\ResizableLib\ResizableLib.vcxproj", "{893471D0-9400-66B7-5004-DBC8CF043916}"
EndProject
Project("{8BC9CEB8-8B4A-11D0-8D11-00A0C91BC942}") = "updater", "..\updater\updater.vcxproj", "{2432C050-061E-4DAE-983C-6AE46D2EDCA6}"
EndProject
Project("{8BC9CEB8-8B4A-11D0-8D11-00A0C91BC942}") = "zlib", "..\zlib\zlib.vcxproj", "{350B721F-9E77-4FBE-AEE0-3CBB08E0CD22}"
EndProject
Global
	GlobalSection(SolutionConfigurationPlatforms) = preSolution
		Beta|Win32 = Beta|Win32
		Debug Static|Win32 = Debug Static|Win32
		Debug|Win32 = Debug|Win32
		DLL-Import Debug|Win32 = DLL-Import Debug|Win32
		DLL-Import Release|Win32 = DLL-Import Release|Win32
		Dynamic|Win32 = Dynamic|Win32
		LIB ASM Debug|Win32 = LIB ASM Debug|Win32
		LIB ASM Release|Win32 = LIB ASM Release|Win32
		LIB Debug|Win32 = LIB Debug|Win32
		LIB Release|Win32 = LIB Release|Win32
		Release Static|Win32 = Release Static|Win32
		Release|Win32 = Release|Win32
		Static|Win32 = Static|Win32
		Template|Win32 = Template|Win32
		VC_Test|Win32 = VC_Test|Win32
	EndGlobalSection
	GlobalSection(ProjectConfigurationPlatforms) = postSolution
		{584EA69D-3443-4197-8994-364880FC1B9B}.Beta|Win32.ActiveCfg = Beta|Win32
		{584EA69D-3443-4197-8994-364880FC1B9B}.Beta|Win32.Build.0 = Beta|Win32
		{584EA69D-3443-4197-8994-364880FC1B9B}.Debug Static|Win32.ActiveCfg = Debug|Win32
		{584EA69D-3443-4197-8994-364880FC1B9B}.Debug Static|Win32.Build.0 = Debug|Win32
		{584EA69D-3443-4197-8994-364880FC1B9B}.Debug|Win32.ActiveCfg = Debug|Win32
		{584EA69D-3443-4197-8994-364880FC1B9B}.Debug|Win32.Build.0 = Debug|Win32
		{584EA69D-3443-4197-8994-364880FC1B9B}.DLL-Import Debug|Win32.ActiveCfg = Debug|Win32
		{584EA69D-3443-4197-8994-364880FC1B9B}.DLL-Import Debug|Win32.Build.0 = Debug|Win32
		{584EA69D-3443-4197-8994-364880FC1B9B}.DLL-Import Release|Win32.ActiveCfg = Release|Win32
		{584EA69D-3443-4197-8994-364880FC1B9B}.DLL-Import Release|Win32.Build.0 = Release|Win32
		{584EA69D-3443-4197-8994-364880FC1B9B}.Dynamic|Win32.ActiveCfg = Debug|Win32
		{584EA69D-3443-4197-8994-364880FC1B9B}.Dynamic|Win32.Build.0 = Debug|Win32
		{584EA69D-3443-4197-8994-364880FC1B9B}.LIB ASM Debug|Win32.ActiveCfg = Debug|Win32
		{584EA69D-3443-4197-8994-364880FC1B9B}.LIB ASM Debug|Win32.Build.0 = Debug|Win32
		{584EA69D-3443-4197-8994-364880FC1B9B}.LIB ASM Release|Win32.ActiveCfg = Release|Win32
		{584EA69D-3443-4197-8994-364880FC1B9B}.LIB ASM Release|Win32.Build.0 = Release|Win32
		{584EA69D-3443-4197-8994-364880FC1B9B}.LIB Debug|Win32.ActiveCfg = Debug|Win32
		{584EA69D-3443-4197-8994-364880FC1B9B}.LIB Debug|Win32.Build.0 = Debug|Win32
		{584EA69D-3443-4197-8994-364880FC1B9B}.LIB Release|Win32.ActiveCfg = Release|Win32
		{584EA69D-3443-4197-8994-364880FC1B9B}.LIB Release|Win32.Build.0 = Release|Win32
		{584EA69D-3443-4197-8994-364880FC1B9B}.Release Static|Win32.ActiveCfg = Release|Win32
		{584EA69D-3443-4197-8994-364880FC1B9B}.Release Static|Win32.Build.0 = Release|Win32
		{584EA69D-3443-4197-8994-364880FC1B9B}.Release|Win32.ActiveCfg = Release|Win32
		{584EA69D-3443-4197-8994-364880FC1B9B}.Release|Win32.Build.0 = Release|Win32
		{584EA69D-3443-4197-8994-364880FC1B9B}.Static|Win32.ActiveCfg = Template|Win32
		{584EA69D-3443-4197-8994-364880FC1B9B}.Static|Win32.Build.0 = Template|Win32
		{584EA69D-3443-4197-8994-364880FC1B9B}.Template|Win32.ActiveCfg = Template|Win32
		{584EA69D-3443-4197-8994-364880FC1B9B}.Template|Win32.Build.0 = Template|Win32
		{584EA69D-3443-4197-8994-364880FC1B9B}.VC_Test|Win32.ActiveCfg = Template|Win32
		{584EA69D-3443-4197-8994-364880FC1B9B}.VC_Test|Win32.Build.0 = Template|Win32
		{96492AE8-542A-4115-B9B5-53D0C3B5A85E}.Beta|Win32.ActiveCfg = Template|Win32
		{96492AE8-542A-4115-B9B5-53D0C3B5A85E}.Beta|Win32.Build.0 = Template|Win32
		{96492AE8-542A-4115-B9B5-53D0C3B5A85E}.Debug Static|Win32.ActiveCfg = Debug|Win32
		{96492AE8-542A-4115-B9B5-53D0C3B5A85E}.Debug Static|Win32.Build.0 = Debug|Win32
		{96492AE8-542A-4115-B9B5-53D0C3B5A85E}.Debug|Win32.ActiveCfg = Debug|Win32
		{96492AE8-542A-4115-B9B5-53D0C3B5A85E}.Debug|Win32.Build.0 = Debug|Win32
		{96492AE8-542A-4115-B9B5-53D0C3B5A85E}.DLL-Import Debug|Win32.ActiveCfg = Debug|Win32
		{96492AE8-542A-4115-B9B5-53D0C3B5A85E}.DLL-Import Debug|Win32.Build.0 = Debug|Win32
		{96492AE8-542A-4115-B9B5-53D0C3B5A85E}.DLL-Import Release|Win32.ActiveCfg = Release|Win32
		{96492AE8-542A-4115-B9B5-53D0C3B5A85E}.DLL-Import Release|Win32.Build.0 = Release|Win32
		{96492AE8-542A-4115-B9B5-53D0C3B5A85E}.Dynamic|Win32.ActiveCfg = Debug|Win32
		{96492AE8-542A-4115-B9B5-53D0C3B5A85E}.Dynamic|Win32.Build.0 = Debug|Win32
		{96492AE8-542A-4115-B9B5-53D0C3B5A85E}.LIB ASM Debug|Win32.ActiveCfg = Debug|Win32
		{96492AE8-542A-4115-B9B5-53D0C3B5A85E}.LIB ASM Debug|Win32.Build.0 = Debug|Win32
		{96492AE8-542A-4115-B9B5-53D0C3B5A85E}.LIB ASM Release|Win32.ActiveCfg = Release|Win32
		{96492AE8-542A-4115-B9B5-53D0C3B5A85E}.LIB ASM Release|Win32.Build.0 = Release|Win32
		{96492AE8-542A-4115-B9B5-53D0C3B5A85E}.LIB Debug|Win32.ActiveCfg = Debug|Win32
		{96492AE8-542A-4115-B9B5-53D0C3B5A85E}.LIB Debug|Win32.Build.0 = Debug|Win32
		{96492AE8-542A-4115-B9B5-53D0C3B5A85E}.LIB Release|Win32.ActiveCfg = Release|Win32
		{96492AE8-542A-4115-B9B5-53D0C3B5A85E}.LIB Release|Win32.Build.0 = Release|Win32
		{96492AE8-542A-4115-B9B5-53D0C3B5A85E}.Release Static|Win32.ActiveCfg = Release|Win32
		{96492AE8-542A-4115-B9B5-53D0C3B5A85E}.Release Static|Win32.Build.0 = Release|Win32
		{96492AE8-542A-4115-B9B5-53D0C3B5A85E}.Release|Win32.ActiveCfg = Release|Win32
		{96492AE8-542A-4115-B9B5-53D0C3B5A85E}.Release|Win32.Build.0 = Release|Win32
		{96492AE8-542A-4115-B9B5-53D0C3B5A85E}.Static|Win32.ActiveCfg = Template|Win32
		{96492AE8-542A-4115-B9B5-53D0C3B5A85E}.Static|Win32.Build.0 = Template|Win32
		{96492AE8-542A-4115-B9B5-53D0C3B5A85E}.Template|Win32.ActiveCfg = Template|Win32
		{96492AE8-542A-4115-B9B5-53D0C3B5A85E}.Template|Win32.Build.0 = Template|Win32
		{96492AE8-542A-4115-B9B5-53D0C3B5A85E}.VC_Test|Win32.ActiveCfg = Template|Win32
		{96492AE8-542A-4115-B9B5-53D0C3B5A85E}.VC_Test|Win32.Build.0 = Template|Win32
		{9E5300A5-F00B-4F30-BFC4-C92D2EEC0928}.Beta|Win32.ActiveCfg = Release|Win32
		{9E5300A5-F00B-4F30-BFC4-C92D2EEC0928}.Beta|Win32.Build.0 = Release|Win32
		{9E5300A5-F00B-4F30-BFC4-C92D2EEC0928}.Debug Static|Win32.ActiveCfg = Debug|Win32
		{9E5300A5-F00B-4F30-BFC4-C92D2EEC0928}.Debug Static|Win32.Build.0 = Debug|Win32
		{9E5300A5-F00B-4F30-BFC4-C92D2EEC0928}.Debug|Win32.ActiveCfg = Debug|Win32
		{9E5300A5-F00B-4F30-BFC4-C92D2EEC0928}.Debug|Win32.Build.0 = Debug|Win32
		{9E5300A5-F00B-4F30-BFC4-C92D2EEC0928}.DLL-Import Debug|Win32.ActiveCfg = DLL-Import Debug|Win32
		{9E5300A5-F00B-4F30-BFC4-C92D2EEC0928}.DLL-Import Debug|Win32.Build.0 = DLL-Import Debug|Win32
		{9E5300A5-F00B-4F30-BFC4-C92D2EEC0928}.DLL-Import Release|Win32.ActiveCfg = DLL-Import Release|Win32
		{9E5300A5-F00B-4F30-BFC4-C92D2EEC0928}.DLL-Import Release|Win32.Build.0 = DLL-Import Release|Win32
		{9E5300A5-F00B-4F30-BFC4-C92D2EEC0928}.Dynamic|Win32.ActiveCfg = DLL-Import Release|Win32
		{9E5300A5-F00B-4F30-BFC4-C92D2EEC0928}.Dynamic|Win32.Build.0 = DLL-Import Release|Win32
		{9E5300A5-F00B-4F30-BFC4-C92D2EEC0928}.LIB ASM Debug|Win32.ActiveCfg = Debug|Win32
		{9E5300A5-F00B-4F30-BFC4-C92D2EEC0928}.LIB ASM Debug|Win32.Build.0 = Debug|Win32
		{9E5300A5-F00B-4F30-BFC4-C92D2EEC0928}.LIB ASM Release|Win32.ActiveCfg = Release|Win32
		{9E5300A5-F00B-4F30-BFC4-C92D2EEC0928}.LIB ASM Release|Win32.Build.0 = Release|Win32
		{9E5300A5-F00B-4F30-BFC4-C92D2EEC0928}.LIB Debug|Win32.ActiveCfg = Debug|Win32
		{9E5300A5-F00B-4F30-BFC4-C92D2EEC0928}.LIB Debug|Win32.Build.0 = Debug|Win32
		{9E5300A5-F00B-4F30-BFC4-C92D2EEC0928}.LIB Release|Win32.ActiveCfg = Release|Win32
		{9E5300A5-F00B-4F30-BFC4-C92D2EEC0928}.LIB Release|Win32.Build.0 = Release|Win32
		{9E5300A5-F00B-4F30-BFC4-C92D2EEC0928}.Release Static|Win32.ActiveCfg = Release|Win32
		{9E5300A5-F00B-4F30-BFC4-C92D2EEC0928}.Release Static|Win32.Build.0 = Release|Win32
		{9E5300A5-F00B-4F30-BFC4-C92D2EEC0928}.Release|Win32.ActiveCfg = Release|Win32
		{9E5300A5-F00B-4F30-BFC4-C92D2EEC0928}.Release|Win32.Build.0 = Release|Win32
		{9E5300A5-F00B-4F30-BFC4-C92D2EEC0928}.Static|Win32.ActiveCfg = Release|Win32
		{9E5300A5-F00B-4F30-BFC4-C92D2EEC0928}.Static|Win32.Build.0 = Release|Win32
		{9E5300A5-F00B-4F30-BFC4-C92D2EEC0928}.Template|Win32.ActiveCfg = Release|Win32
		{9E5300A5-F00B-4F30-BFC4-C92D2EEC0928}.Template|Win32.Build.0 = Release|Win32
		{9E5300A5-F00B-4F30-BFC4-C92D2EEC0928}.VC_Test|Win32.ActiveCfg = Release|Win32
		{9E5300A5-F00B-4F30-BFC4-C92D2EEC0928}.VC_Test|Win32.Build.0 = Release|Win32
		{499FC6E6-5968-4D83-9FB0-7F2805FC2F91}.Beta|Win32.ActiveCfg = Static|Win32
		{499FC6E6-5968-4D83-9FB0-7F2805FC2F91}.Beta|Win32.Build.0 = Static|Win32
		{499FC6E6-5968-4D83-9FB0-7F2805FC2F91}.Debug Static|Win32.ActiveCfg = Static|Win32
		{499FC6E6-5968-4D83-9FB0-7F2805FC2F91}.Debug Static|Win32.Build.0 = Static|Win32
		{499FC6E6-5968-4D83-9FB0-7F2805FC2F91}.Debug|Win32.ActiveCfg = Dynamic|Win32
		{499FC6E6-5968-4D83-9FB0-7F2805FC2F91}.Debug|Win32.Build.0 = Dynamic|Win32
		{499FC6E6-5968-4D83-9FB0-7F2805FC2F91}.DLL-Import Debug|Win32.ActiveCfg = Dynamic|Win32
		{499FC6E6-5968-4D83-9FB0-7F2805FC2F91}.DLL-Import Debug|Win32.Build.0 = Dynamic|Win32
		{499FC6E6-5968-4D83-9FB0-7F2805FC2F91}.DLL-Import Release|Win32.ActiveCfg = Dynamic|Win32
		{499FC6E6-5968-4D83-9FB0-7F2805FC2F91}.DLL-Import Release|Win32.Build.0 = Dynamic|Win32
		{499FC6E6-5968-4D83-9FB0-7F2805FC2F91}.Dynamic|Win32.ActiveCfg = Dynamic|Win32
		{499FC6E6-5968-4D83-9FB0-7F2805FC2F91}.Dynamic|Win32.Build.0 = Dynamic|Win32
		{499FC6E6-5968-4D83-9FB0-7F2805FC2F91}.LIB ASM Debug|Win32.ActiveCfg = Static|Win32
		{499FC6E6-5968-4D83-9FB0-7F2805FC2F91}.LIB ASM Debug|Win32.Build.0 = Static|Win32
		{499FC6E6-5968-4D83-9FB0-7F2805FC2F91}.LIB ASM Release|Win32.ActiveCfg = Static|Win32
		{499FC6E6-5968-4D83-9FB0-7F2805FC2F91}.LIB ASM Release|Win32.Build.0 = Static|Win32
		{499FC6E6-5968-4D83-9FB0-7F2805FC2F91}.LIB Debug|Win32.ActiveCfg = Static|Win32
		{499FC6E6-5968-4D83-9FB0-7F2805FC2F91}.LIB Debug|Win32.Build.0 = Static|Win32
		{499FC6E6-5968-4D83-9FB0-7F2805FC2F91}.LIB Release|Win32.ActiveCfg = Static|Win32
		{499FC6E6-5968-4D83-9FB0-7F2805FC2F91}.LIB Release|Win32.Build.0 = Static|Win32
		{499FC6E6-5968-4D83-9FB0-7F2805FC2F91}.Release Static|Win32.ActiveCfg = Static|Win32
		{499FC6E6-5968-4D83-9FB0-7F2805FC2F91}.Release Static|Win32.Build.0 = Static|Win32
		{499FC6E6-5968-4D83-9FB0-7F2805FC2F91}.Release|Win32.ActiveCfg = Static|Win32
		{499FC6E6-5968-4D83-9FB0-7F2805FC2F91}.Release|Win32.Build.0 = Static|Win32
		{499FC6E6-5968-4D83-9FB0-7F2805FC2F91}.Static|Win32.ActiveCfg = Static|Win32
		{499FC6E6-5968-4D83-9FB0-7F2805FC2F91}.Static|Win32.Build.0 = Static|Win32
		{499FC6E6-5968-4D83-9FB0-7F2805FC2F91}.Template|Win32.ActiveCfg = Static|Win32
		{499FC6E6-5968-4D83-9FB0-7F2805FC2F91}.Template|Win32.Build.0 = Static|Win32
		{499FC6E6-5968-4D83-9FB0-7F2805FC2F91}.VC_Test|Win32.ActiveCfg = Static|Win32
		{499FC6E6-5968-4D83-9FB0-7F2805FC2F91}.VC_Test|Win32.Build.0 = Static|Win32
		{C82DA9B3-E8CA-4FF9-803B-A9B613B5AFFB}.Beta|Win32.ActiveCfg = Release|Win32
		{C82DA9B3-E8CA-4FF9-803B-A9B613B5AFFB}.Beta|Win32.Build.0 = Release|Win32
		{C82DA9B3-E8CA-4FF9-803B-A9B613B5AFFB}.Debug Static|Win32.ActiveCfg = Debug|Win32
		{C82DA9B3-E8CA-4FF9-803B-A9B613B5AFFB}.Debug Static|Win32.Build.0 = Debug|Win32
		{C82DA9B3-E8CA-4FF9-803B-A9B613B5AFFB}.Debug|Win32.ActiveCfg = Debug|Win32
		{C82DA9B3-E8CA-4FF9-803B-A9B613B5AFFB}.Debug|Win32.Build.0 = Debug|Win32
		{C82DA9B3-E8CA-4FF9-803B-A9B613B5AFFB}.DLL-Import Debug|Win32.ActiveCfg = Debug|Win32
		{C82DA9B3-E8CA-4FF9-803B-A9B613B5AFFB}.DLL-Import Debug|Win32.Build.0 = Debug|Win32
		{C82DA9B3-E8CA-4FF9-803B-A9B613B5AFFB}.DLL-Import Release|Win32.ActiveCfg = Release|Win32
		{C82DA9B3-E8CA-4FF9-803B-A9B613B5AFFB}.DLL-Import Release|Win32.Build.0 = Release|Win32
		{C82DA9B3-E8CA-4FF9-803B-A9B613B5AFFB}.Dynamic|Win32.ActiveCfg = Debug|Win32
		{C82DA9B3-E8CA-4FF9-803B-A9B613B5AFFB}.Dynamic|Win32.Build.0 = Debug|Win32
		{C82DA9B3-E8CA-4FF9-803B-A9B613B5AFFB}.LIB ASM Debug|Win32.ActiveCfg = Debug|Win32
		{C82DA9B3-E8CA-4FF9-803B-A9B613B5AFFB}.LIB ASM Debug|Win32.Build.0 = Debug|Win32
		{C82DA9B3-E8CA-4FF9-803B-A9B613B5AFFB}.LIB ASM Release|Win32.ActiveCfg = Release|Win32
		{C82DA9B3-E8CA-4FF9-803B-A9B613B5AFFB}.LIB ASM Release|Win32.Build.0 = Release|Win32
		{C82DA9B3-E8CA-4FF9-803B-A9B613B5AFFB}.LIB Debug|Win32.ActiveCfg = Debug|Win32
		{C82DA9B3-E8CA-4FF9-803B-A9B613B5AFFB}.LIB Debug|Win32.Build.0 = Debug|Win32
		{C82DA9B3-E8CA-4FF9-803B-A9B613B5AFFB}.LIB Release|Win32.ActiveCfg = Release|Win32
		{C82DA9B3-E8CA-4FF9-803B-A9B613B5AFFB}.LIB Release|Win32.Build.0 = Release|Win32
		{C82DA9B3-E8CA-4FF9-803B-A9B613B5AFFB}.Release Static|Win32.ActiveCfg = Release|Win32
		{C82DA9B3-E8CA-4FF9-803B-A9B613B5AFFB}.Release Static|Win32.Build.0 = Release|Win32
		{C82DA9B3-E8CA-4FF9-803B-A9B613B5AFFB}.Release|Win32.ActiveCfg = Release|Win32
		{C82DA9B3-E8CA-4FF9-803B-A9B613B5AFFB}.Release|Win32.Build.0 = Release|Win32
		{C82DA9B3-E8CA-4FF9-803B-A9B613B5AFFB}.Static|Win32.ActiveCfg = Release|Win32
		{C82DA9B3-E8CA-4FF9-803B-A9B613B5AFFB}.Static|Win32.Build.0 = Release|Win32
		{C82DA9B3-E8CA-4FF9-803B-A9B613B5AFFB}.Template|Win32.ActiveCfg = Release|Win32
		{C82DA9B3-E8CA-4FF9-803B-A9B613B5AFFB}.Template|Win32.Build.0 = Release|Win32
		{C82DA9B3-E8CA-4FF9-803B-A9B613B5AFFB}.VC_Test|Win32.ActiveCfg = Release|Win32
		{C82DA9B3-E8CA-4FF9-803B-A9B613B5AFFB}.VC_Test|Win32.Build.0 = Release|Win32
		{F5906333-9A0A-4FE6-B7AA-AA7960C035D3}.Beta|Win32.ActiveCfg = Release|Win32
		{F5906333-9A0A-4FE6-B7AA-AA7960C035D3}.Beta|Win32.Build.0 = Release|Win32
		{F5906333-9A0A-4FE6-B7AA-AA7960C035D3}.Debug Static|Win32.ActiveCfg = Debug|Win32
		{F5906333-9A0A-4FE6-B7AA-AA7960C035D3}.Debug Static|Win32.Build.0 = Debug|Win32
		{F5906333-9A0A-4FE6-B7AA-AA7960C035D3}.Debug|Win32.ActiveCfg = Debug|Win32
		{F5906333-9A0A-4FE6-B7AA-AA7960C035D3}.Debug|Win32.Build.0 = Debug|Win32
		{F5906333-9A0A-4FE6-B7AA-AA7960C035D3}.DLL-Import Debug|Win32.ActiveCfg = Debug|Win32
		{F5906333-9A0A-4FE6-B7AA-AA7960C035D3}.DLL-Import Debug|Win32.Build.0 = Debug|Win32
		{F5906333-9A0A-4FE6-B7AA-AA7960C035D3}.DLL-Import Release|Win32.ActiveCfg = Release|Win32
		{F5906333-9A0A-4FE6-B7AA-AA7960C035D3}.DLL-Import Release|Win32.Build.0 = Release|Win32
		{F5906333-9A0A-4FE6-B7AA-AA7960C035D3}.Dynamic|Win32.ActiveCfg = Debug|Win32
		{F5906333-9A0A-4FE6-B7AA-AA7960C035D3}.Dynamic|Win32.Build.0 = Debug|Win32
		{F5906333-9A0A-4FE6-B7AA-AA7960C035D3}.LIB ASM Debug|Win32.ActiveCfg = LIB ASM Debug|Win32
		{F5906333-9A0A-4FE6-B7AA-AA7960C035D3}.LIB ASM Debug|Win32.Build.0 = LIB ASM Debug|Win32
		{F5906333-9A0A-4FE6-B7AA-AA7960C035D3}.LIB ASM Release|Win32.ActiveCfg = LIB ASM Release|Win32
		{F5906333-9A0A-4FE6-B7AA-AA7960C035D3}.LIB ASM Release|Win32.Build.0 = LIB ASM Release|Win32
		{F5906333-9A0A-4FE6-B7AA-AA7960C035D3}.LIB Debug|Win32.ActiveCfg = Debug|Win32
		{F5906333-9A0A-4FE6-B7AA-AA7960C035D3}.LIB Debug|Win32.Build.0 = Debug|Win32
		{F5906333-9A0A-4FE6-B7AA-AA7960C035D3}.LIB Release|Win32.ActiveCfg = Release|Win32
		{F5906333-9A0A-4FE6-B7AA-AA7960C035D3}.LIB Release|Win32.Build.0 = Release|Win32
		{F5906333-9A0A-4FE6-B7AA-AA7960C035D3}.Release Static|Win32.ActiveCfg = Release|Win32
		{F5906333-9A0A-4FE6-B7AA-AA7960C035D3}.Release Static|Win32.Build.0 = Release|Win32
		{F5906333-9A0A-4FE6-B7AA-AA7960C035D3}.Release|Win32.ActiveCfg = Release|Win32
		{F5906333-9A0A-4FE6-B7AA-AA7960C035D3}.Release|Win32.Build.0 = Release|Win32
		{F5906333-9A0A-4FE6-B7AA-AA7960C035D3}.Static|Win32.ActiveCfg = Release|Win32
		{F5906333-9A0A-4FE6-B7AA-AA7960C035D3}.Static|Win32.Build.0 = Release|Win32
		{F5906333-9A0A-4FE6-B7AA-AA7960C035D3}.Template|Win32.ActiveCfg = Release|Win32
		{F5906333-9A0A-4FE6-B7AA-AA7960C035D3}.Template|Win32.Build.0 = Release|Win32
		{F5906333-9A0A-4FE6-B7AA-AA7960C035D3}.VC_Test|Win32.ActiveCfg = Release|Win32
		{F5906333-9A0A-4FE6-B7AA-AA7960C035D3}.VC_Test|Win32.Build.0 = Release|Win32
		{893471D0-9400-66B7-5004-DBC8CF043916}.Beta|Win32.ActiveCfg = Release|Win32
		{893471D0-9400-66B7-5004-DBC8CF043916}.Beta|Win32.Build.0 = Release|Win32
		{893471D0-9400-66B7-5004-DBC8CF043916}.Debug Static|Win32.ActiveCfg = Debug Static|Win32
		{893471D0-9400-66B7-5004-DBC8CF043916}.Debug Static|Win32.Build.0 = Debug Static|Win32
		{893471D0-9400-66B7-5004-DBC8CF043916}.Debug|Win32.ActiveCfg = Debug|Win32
		{893471D0-9400-66B7-5004-DBC8CF043916}.Debug|Win32.Build.0 = Debug|Win32
		{893471D0-9400-66B7-5004-DBC8CF043916}.DLL-Import Debug|Win32.ActiveCfg = Debug|Win32
		{893471D0-9400-66B7-5004-DBC8CF043916}.DLL-Import Debug|Win32.Build.0 = Debug|Win32
		{893471D0-9400-66B7-5004-DBC8CF043916}.DLL-Import Release|Win32.ActiveCfg = Release|Win32
		{893471D0-9400-66B7-5004-DBC8CF043916}.DLL-Import Release|Win32.Build.0 = Release|Win32
		{893471D0-9400-66B7-5004-DBC8CF043916}.Dynamic|Win32.ActiveCfg = Debug|Win32
		{893471D0-9400-66B7-5004-DBC8CF043916}.Dynamic|Win32.Build.0 = Debug|Win32
		{893471D0-9400-66B7-5004-DBC8CF043916}.LIB ASM Debug|Win32.ActiveCfg = Debug|Win32
		{893471D0-9400-66B7-5004-DBC8CF043916}.LIB ASM Debug|Win32.Build.0 = Debug|Win32
		{893471D0-9400-66B7-5004-DBC8CF043916}.LIB ASM Release|Win32.ActiveCfg = Release|Win32
		{893471D0-9400-66B7-5004-DBC8CF043916}.LIB ASM Release|Win32.Build.0 = Release|Win32
		{893471D0-9400-66B7-5004-DBC8CF043916}.LIB Debug|Win32.ActiveCfg = Debug|Win32
		{893471D0-9400-66B7-5004-DBC8CF043916}.LIB Debug|Win32.Build.0 = Debug|Win32
		{893471D0-9400-66B7-5004-DBC8CF043916}.LIB Release|Win32.ActiveCfg = Release|Win32
		{893471D0-9400-66B7-5004-DBC8CF043916}.LIB Release|Win32.Build.0 = Release|Win32
		{893471D0-9400-66B7-5004-DBC8CF043916}.Release Static|Win32.ActiveCfg = Release Static|Win32
		{893471D0-9400-66B7-5004-DBC8CF043916}.Release Static|Win32.Build.0 = Release Static|Win32
		{893471D0-9400-66B7-5004-DBC8CF043916}.Release|Win32.ActiveCfg = Release|Win32
		{893471D0-9400-66B7-5004-DBC8CF043916}.Release|Win32.Build.0 = Release|Win32
		{893471D0-9400-66B7-5004-DBC8CF043916}.Static|Win32.ActiveCfg = Release Static|Win32
		{893471D0-9400-66B7-5004-DBC8CF043916}.Static|Win32.Build.0 = Release Static|Win32
		{893471D0-9400-66B7-5004-DBC8CF043916}.Template|Win32.ActiveCfg = Release|Win32
		{893471D0-9400-66B7-5004-DBC8CF043916}.Template|Win32.Build.0 = Release|Win32
		{893471D0-9400-66B7-5004-DBC8CF043916}.VC_Test|Win32.ActiveCfg = Release|Win32
		{893471D0-9400-66B7-5004-DBC8CF043916}.VC_Test|Win32.Build.0 = Release|Win32
		{2432C050-061E-4DAE-983C-6AE46D2EDCA6}.Beta|Win32.ActiveCfg = Beta|Win32
		{2432C050-061E-4DAE-983C-6AE46D2EDCA6}.Beta|Win32.Build.0 = Beta|Win32
		{2432C050-061E-4DAE-983C-6AE46D2EDCA6}.Debug Static|Win32.ActiveCfg = Debug|Win32
		{2432C050-061E-4DAE-983C-6AE46D2EDCA6}.Debug Static|Win32.Build.0 = Debug|Win32
		{2432C050-061E-4DAE-983C-6AE46D2EDCA6}.Debug|Win32.ActiveCfg = Debug|Win32
		{2432C050-061E-4DAE-983C-6AE46D2EDCA6}.Debug|Win32.Build.0 = Debug|Win32
		{2432C050-061E-4DAE-983C-6AE46D2EDCA6}.DLL-Import Debug|Win32.ActiveCfg = Debug|Win32
		{2432C050-061E-4DAE-983C-6AE46D2EDCA6}.DLL-Import Debug|Win32.Build.0 = Debug|Win32
		{2432C050-061E-4DAE-983C-6AE46D2EDCA6}.DLL-Import Release|Win32.ActiveCfg = Release|Win32
		{2432C050-061E-4DAE-983C-6AE46D2EDCA6}.DLL-Import Release|Win32.Build.0 = Release|Win32
		{2432C050-061E-4DAE-983C-6AE46D2EDCA6}.Dynamic|Win32.ActiveCfg = Debug|Win32
		{2432C050-061E-4DAE-983C-6AE46D2EDCA6}.Dynamic|Win32.Build.0 = Debug|Win32
		{2432C050-061E-4DAE-983C-6AE46D2EDCA6}.LIB ASM Debug|Win32.ActiveCfg = Debug|Win32
		{2432C050-061E-4DAE-983C-6AE46D2EDCA6}.LIB ASM Debug|Win32.Build.0 = Debug|Win32
		{2432C050-061E-4DAE-983C-6AE46D2EDCA6}.LIB ASM Release|Win32.ActiveCfg = Release|Win32
		{2432C050-061E-4DAE-983C-6AE46D2EDCA6}.LIB ASM Release|Win32.Build.0 = Release|Win32
		{2432C050-061E-4DAE-983C-6AE46D2EDCA6}.LIB Debug|Win32.ActiveCfg = Debug|Win32
		{2432C050-061E-4DAE-983C-6AE46D2EDCA6}.LIB Debug|Win32.Build.0 = Debug|Win32
		{2432C050-061E-4DAE-983C-6AE46D2EDCA6}.LIB Release|Win32.ActiveCfg = Release|Win32
		{2432C050-061E-4DAE-983C-6AE46D2EDCA6}.LIB Release|Win32.Build.0 = Release|Win32
		{2432C050-061E-4DAE-983C-6AE46D2EDCA6}.Release Static|Win32.ActiveCfg = Release|Win32
		{2432C050-061E-4DAE-983C-6AE46D2EDCA6}.Release Static|Win32.Build.0 = Release|Win32
		{2432C050-061E-4DAE-983C-6AE46D2EDCA6}.Release|Win32.ActiveCfg = Release|Win32
		{2432C050-061E-4DAE-983C-6AE46D2EDCA6}.Release|Win32.Build.0 = Release|Win32
		{2432C050-061E-4DAE-983C-6AE46D2EDCA6}.Static|Win32.ActiveCfg = VC_Test|Win32
		{2432C050-061E-4DAE-983C-6AE46D2EDCA6}.Static|Win32.Build.0 = VC_Test|Win32
		{2432C050-061E-4DAE-983C-6AE46D2EDCA6}.Template|Win32.ActiveCfg = Template|Win32
		{2432C050-061E-4DAE-983C-6AE46D2EDCA6}.Template|Win32.Build.0 = Template|Win32
		{2432C050-061E-4DAE-983C-6AE46D2EDCA6}.VC_Test|Win32.ActiveCfg = VC_Test|Win32
		{2432C050-061E-4DAE-983C-6AE46D2EDCA6}.VC_Test|Win32.Build.0 = VC_Test|Win32
		{350B721F-9E77-4FBE-AEE0-3CBB08E0CD22}.Beta|Win32.ActiveCfg = Release|Win32
		{350B721F-9E77-4FBE-AEE0-3CBB08E0CD22}.Beta|Win32.Build.0 = Release|Win32
		{350B721F-9E77-4FBE-AEE0-3CBB08E0CD22}.Debug Static|Win32.ActiveCfg = Debug|Win32
		{350B721F-9E77-4FBE-AEE0-3CBB08E0CD22}.Debug Static|Win32.Build.0 = Debug|Win32
		{350B721F-9E77-4FBE-AEE0-3CBB08E0CD22}.Debug|Win32.ActiveCfg = Debug|Win32
		{350B721F-9E77-4FBE-AEE0-3CBB08E0CD22}.Debug|Win32.Build.0 = Debug|Win32
		{350B721F-9E77-4FBE-AEE0-3CBB08E0CD22}.DLL-Import Debug|Win32.ActiveCfg = Debug|Win32
		{350B721F-9E77-4FBE-AEE0-3CBB08E0CD22}.DLL-Import Debug|Win32.Build.0 = Debug|Win32
		{350B721F-9E77-4FBE-AEE0-3CBB08E0CD22}.DLL-Import Release|Win32.ActiveCfg = Release|Win32
		{350B721F-9E77-4FBE-AEE0-3CBB08E0CD22}.DLL-Import Release|Win32.Build.0 = Release|Win32
		{350B721F-9E77-4FBE-AEE0-3CBB08E0CD22}.Dynamic|Win32.ActiveCfg = Debug|Win32
		{350B721F-9E77-4FBE-AEE0-3CBB08E0CD22}.Dynamic|Win32.Build.0 = Debug|Win32
		{350B721F-9E77-4FBE-AEE0-3CBB08E0CD22}.LIB ASM Debug|Win32.ActiveCfg = Debug|Win32
		{350B721F-9E77-4FBE-AEE0-3CBB08E0CD22}.LIB ASM Debug|Win32.Build.0 = Debug|Win32
		{350B721F-9E77-4FBE-AEE0-3CBB08E0CD22}.LIB ASM Release|Win32.ActiveCfg = Release|Win32
		{350B721F-9E77-4FBE-AEE0-3CBB08E0CD22}.LIB ASM Release|Win32.Build.0 = Release|Win32
		{350B721F-9E77-4FBE-AEE0-3CBB08E0CD22}.LIB Debug|Win32.ActiveCfg = LIB Debug|Win32
		{350B721F-9E77-4FBE-AEE0-3CBB08E0CD22}.LIB Debug|Win32.Build.0 = LIB Debug|Win32
		{350B721F-9E77-4FBE-AEE0-3CBB08E0CD22}.LIB Release|Win32.ActiveCfg = LIB Release|Win32
		{350B721F-9E77-4FBE-AEE0-3CBB08E0CD22}.LIB Release|Win32.Build.0 = LIB Release|Win32
		{350B721F-9E77-4FBE-AEE0-3CBB08E0CD22}.Release Static|Win32.ActiveCfg = Release|Win32
		{350B721F-9E77-4FBE-AEE0-3CBB08E0CD22}.Release Static|Win32.Build.0 = Release|Win32
		{350B721F-9E77-4FBE-AEE0-3CBB08E0CD22}.Release|Win32.ActiveCfg = Release|Win32
		{350B721F-9E77-4FBE-AEE0-3CBB08E0CD22}.Release|Win32.Build.0 = Release|Win32
		{350B721F-9E77-4FBE-AEE0-3CBB08E0CD22}.Static|Win32.ActiveCfg = Release|Win32
		{350B721F-9E77-4FBE-AEE0-3CBB08E0CD22}.Static|Win32.Build.0 = Release|Win32
		{350B721F-9E77-4FBE-AEE0-3CBB08E0CD22}.Template|Win32.ActiveCfg = Release|Win32
		{350B721F-9E77-4FBE-AEE0-3CBB08E0CD22}.Template|Win32.Build.0 = Release|Win32
		{350B721F-9E77-4FBE-AEE0-3CBB08E0CD22}.VC_Test|Win32.ActiveCfg = Release|Win32
		{350B721F-9E77-4FBE-AEE0-3CBB08E0CD22}.VC_Test|Win32.Build.0 = Release|Win32
	EndGlobalSection
	GlobalSection(SolutionProperties) = preSolution
		HideSolutionNode = FALSE
	EndGlobalSection
	GlobalSection(DevPartner) = postSolution
	EndGlobalSection
	GlobalSection(DevPartner) = postSolution
	EndGlobalSection
	GlobalSection(DevPartner) = postSolution
	EndGlobalSection
	GlobalSection(DevPartner) = postSolution
	EndGlobalSection
	GlobalSection(DevPartner) = postSolution
	EndGlobalSection
EndGlobal
